
Microsoft Visual Studio Solution File, Format Version 12.00
# Visual Studio Version 17
VisualStudioVersion = 17.7.34018.315
MinimumVisualStudioVersion = 10.0.40219.1
Project("{FAE04EC0-301F-11D3-BF4B-00C04F79EFBC}") = "BugetService", "BugetService\BugetService.csproj", "{F32F6D02-2B72-4FDA-A3F3-5D8484BAAA94}"
EndProject
Project("{FAE04EC0-301F-11D3-BF4B-00C04F79EFBC}") = "BugetServiceTests", "BugetServiceTests\BugetServiceTests.csproj", "{718E08F7-6D00-4113-B40A-92653DE24EB3}"
EndProject
Global
	GlobalSection(SolutionConfigurationPlatforms) = preSolution
		Debug|Any CPU = Debug|Any CPU
		Release|Any CPU = Release|Any CPU
	EndGlobalSection
	GlobalSection(ProjectConfigurationPlatforms) = postSolution
		{F32F6D02-2B72-4FDA-A3F3-5D8484BAAA94}.Debug|Any CPU.ActiveCfg = Debug|Any CPU
		{F32F6D02-2B72-4FDA-A3F3-5D8484BAAA94}.Debug|Any CPU.Build.0 = Debug|Any CPU
		{F32F6D02-2B72-4FDA-A3F3-5D8484BAAA94}.Release|Any CPU.ActiveCfg = Release|Any CPU
		{F32F6D02-2B72-4FDA-A3F3-5D8484BAAA94}.Release|Any CPU.Build.0 = Release|Any CPU
		{718E08F7-6D00-4113-B40A-92653DE24EB3}.Debug|Any CPU.ActiveCfg = Debug|Any CPU
		{718E08F7-6D00-4113-B40A-92653DE24EB3}.Debug|Any CPU.Build.0 = Debug|Any CPU
		{718E08F7-6D00-4113-B40A-92653DE24EB3}.Release|Any CPU.ActiveCfg = Release|Any CPU
		{718E08F7-6D00-4113-B40A-92653DE24EB3}.Release|Any CPU.Build.0 = Release|Any CPU
	EndGlobalSection
	GlobalSection(SolutionProperties) = preSolution
		HideSolutionNode = FALSE
	EndGlobalSection
	GlobalSection(ExtensibilityGlobals) = postSolution
		SolutionGuid = {376AC124-98FD-47DE-AAD9-44C747266B18}
	EndGlobalSection
EndGlobal
